// !$*UTF8*$!
{
	archiveVersion = 1;
	classes = {
	};
	objectVersion = 46;
	objects = {

/* Begin PBXBuildFile section */
		B50357E61B3C2A070068C867 /* AddressBook.framework in Frameworks */ = {isa = PBXBuildFile; fileRef = B50357E51B3C2A070068C867 /* AddressBook.framework */; };
		B50357E81B3C2A0F0068C867 /* AddressBookUI.framework in Frameworks */ = {isa = PBXBuildFile; fileRef = B50357E71B3C2A0F0068C867 /* AddressBookUI.framework */; };
		B50357EA1B3C2A230068C867 /* QuartzCore.framework in Frameworks */ = {isa = PBXBuildFile; fileRef = B50357E91B3C2A230068C867 /* QuartzCore.framework */; };
		B50358201B3CF9470068C867 /* note_bg.png in Resources */ = {isa = PBXBuildFile; fileRef = B503581F1B3CF9470068C867 /* note_bg.png */; };
		B55AA70A1B40EB70009E46A1 /* contacts1.json in Resources */ = {isa = PBXBuildFile; fileRef = B55AA7091B40EB70009E46A1 /* contacts1.json */; };
		B56592681B33D6920088EEEE /* touxiang1.png in Resources */ = {isa = PBXBuildFile; fileRef = B56592661B33D6920088EEEE /* touxiang1.png */; };
		B56592731B3407830088EEEE /* recomends.json in Resources */ = {isa = PBXBuildFile; fileRef = B56592721B3407830088EEEE /* recomends.json */; };
		B565927C1B340CFB0088EEEE /* touxiang2.png in Resources */ = {isa = PBXBuildFile; fileRef = B565927B1B340CFB0088EEEE /* touxiang2.png */; };
		B59715ED1B32B6E8006DCCA9 /* main.m in Sources */ = {isa = PBXBuildFile; fileRef = B59715EC1B32B6E8006DCCA9 /* main.m */; };
		B59715F01B32B6E8006DCCA9 /* AppDelegate.m in Sources */ = {isa = PBXBuildFile; fileRef = B59715EF1B32B6E8006DCCA9 /* AppDelegate.m */; };
		B59715F61B32B6E8006DCCA9 /* Main.storyboard in Resources */ = {isa = PBXBuildFile; fileRef = B59715F41B32B6E8006DCCA9 /* Main.storyboard */; };
		B59715F81B32B6E8006DCCA9 /* Images.xcassets in Resources */ = {isa = PBXBuildFile; fileRef = B59715F71B32B6E8006DCCA9 /* Images.xcassets */; };
		B59715FB1B32B6E8006DCCA9 /* LaunchScreen.xib in Resources */ = {isa = PBXBuildFile; fileRef = B59715F91B32B6E8006DCCA9 /* LaunchScreen.xib */; };
		B59716071B32B6E8006DCCA9 /* ContactsTests.m in Sources */ = {isa = PBXBuildFile; fileRef = B59716061B32B6E8006DCCA9 /* ContactsTests.m */; };
		B59716191B32BA50006DCCA9 /* Foundation.framework in Frameworks */ = {isa = PBXBuildFile; fileRef = B59716181B32BA50006DCCA9 /* Foundation.framework */; };
		B597161B1B32BA58006DCCA9 /* UIKit.framework in Frameworks */ = {isa = PBXBuildFile; fileRef = B597161A1B32BA58006DCCA9 /* UIKit.framework */; };
		B597161D1B32BA68006DCCA9 /* CoreGraphics.framework in Frameworks */ = {isa = PBXBuildFile; fileRef = B597161C1B32BA68006DCCA9 /* CoreGraphics.framework */; };
		B5A3BD3E1B42CDDE0007E604 /* AddressBookViewController.m in Sources */ = {isa = PBXBuildFile; fileRef = B5A3BD041B42CDDE0007E604 /* AddressBookViewController.m */; };
		B5A3BD3F1B42CDDE0007E604 /* AddressBookViewController.xib in Resources */ = {isa = PBXBuildFile; fileRef = B5A3BD051B42CDDE0007E604 /* AddressBookViewController.xib */; };
		B5A3BD401B42CDDE0007E604 /* NSString+TKUtilities.m in Sources */ = {isa = PBXBuildFile; fileRef = B5A3BD081B42CDDE0007E604 /* NSString+TKUtilities.m */; };
		B5A3BD411B42CDDE0007E604 /* UIImage+TKUtilities.m in Sources */ = {isa = PBXBuildFile; fileRef = B5A3BD0A1B42CDDE0007E604 /* UIImage+TKUtilities.m */; };
		B5A3BD421B42CDDE0007E604 /* AddContactsViewController.m in Sources */ = {isa = PBXBuildFile; fileRef = B5A3BD0D1B42CDDE0007E604 /* AddContactsViewController.m */; };
		B5A3BD431B42CDDE0007E604 /* AddContactsViewController.xib in Resources */ = {isa = PBXBuildFile; fileRef = B5A3BD0E1B42CDDE0007E604 /* AddContactsViewController.xib */; };
		B5A3BD441B42CDDE0007E604 /* RecomendsCell.m in Sources */ = {isa = PBXBuildFile; fileRef = B5A3BD101B42CDDE0007E604 /* RecomendsCell.m */; };
		B5A3BD451B42CDDE0007E604 /* RecomendsCell.xib in Resources */ = {isa = PBXBuildFile; fileRef = B5A3BD111B42CDDE0007E604 /* RecomendsCell.xib */; };
		B5A3BD461B42CDDE0007E604 /* ContactDetailCell.m in Sources */ = {isa = PBXBuildFile; fileRef = B5A3BD141B42CDDE0007E604 /* ContactDetailCell.m */; };
		B5A3BD471B42CDDE0007E604 /* ContactDetailSection.m in Sources */ = {isa = PBXBuildFile; fileRef = B5A3BD161B42CDDE0007E604 /* ContactDetailSection.m */; };
		B5A3BD481B42CDDE0007E604 /* ContactDetailTableViewController.m in Sources */ = {isa = PBXBuildFile; fileRef = B5A3BD181B42CDDE0007E604 /* ContactDetailTableViewController.m */; };
		B5A3BD491B42CDDE0007E604 /* ContactDetailViewController.m in Sources */ = {isa = PBXBuildFile; fileRef = B5A3BD1A1B42CDDE0007E604 /* ContactDetailViewController.m */; };
		B5A3BD4A1B42CDDE0007E604 /* ContactHeadCell.m in Sources */ = {isa = PBXBuildFile; fileRef = B5A3BD1C1B42CDDE0007E604 /* ContactHeadCell.m */; };
		B5A3BD4B1B42CDDE0007E604 /* ContactPersonInfoCell.m in Sources */ = {isa = PBXBuildFile; fileRef = B5A3BD1E1B42CDDE0007E604 /* ContactPersonInfoCell.m */; };
		B5A3BD4C1B42CDDE0007E604 /* ContactSchoolInfoCell.m in Sources */ = {isa = PBXBuildFile; fileRef = B5A3BD201B42CDDE0007E604 /* ContactSchoolInfoCell.m */; };
		B5A3BD4D1B42CDDE0007E604 /* ContactCell.m in Sources */ = {isa = PBXBuildFile; fileRef = B5A3BD231B42CDDE0007E604 /* ContactCell.m */; };
		B5A3BD4E1B42CDDE0007E604 /* ContactCell.xib in Resources */ = {isa = PBXBuildFile; fileRef = B5A3BD241B42CDDE0007E604 /* ContactCell.xib */; };
		B5A3BD4F1B42CDDE0007E604 /* Contacts.m in Sources */ = {isa = PBXBuildFile; fileRef = B5A3BD261B42CDDE0007E604 /* Contacts.m */; };
		B5A3BD501B42CDDE0007E604 /* ContactsTableView.m in Sources */ = {isa = PBXBuildFile; fileRef = B5A3BD281B42CDDE0007E604 /* ContactsTableView.m */; };
		B5A3BD511B42CDDE0007E604 /* ContactsTableViewIndex.m in Sources */ = {isa = PBXBuildFile; fileRef = B5A3BD2A1B42CDDE0007E604 /* ContactsTableViewIndex.m */; };
		B5A3BD521B42CDDE0007E604 /* ViewController.m in Sources */ = {isa = PBXBuildFile; fileRef = B5A3BD2C1B42CDDE0007E604 /* ViewController.m */; };
		B5A3BD531B42CDDE0007E604 /* ChineseInclude.m in Sources */ = {isa = PBXBuildFile; fileRef = B5A3BD2F1B42CDDE0007E604 /* ChineseInclude.m */; };
		B5A3BD541B42CDDE0007E604 /* ChineseToPinyinResource.m in Sources */ = {isa = PBXBuildFile; fileRef = B5A3BD311B42CDDE0007E604 /* ChineseToPinyinResource.m */; };
		B5A3BD551B42CDDE0007E604 /* HanyuPinyinOutputFormat.m in Sources */ = {isa = PBXBuildFile; fileRef = B5A3BD331B42CDDE0007E604 /* HanyuPinyinOutputFormat.m */; };
		B5A3BD561B42CDDE0007E604 /* NSString+PinYin4Cocoa.m in Sources */ = {isa = PBXBuildFile; fileRef = B5A3BD351B42CDDE0007E604 /* NSString+PinYin4Cocoa.m */; };
		B5A3BD571B42CDDE0007E604 /* PinyinFormatter.m in Sources */ = {isa = PBXBuildFile; fileRef = B5A3BD371B42CDDE0007E604 /* PinyinFormatter.m */; };
		B5A3BD581B42CDDE0007E604 /* PinYinForObjc.m in Sources */ = {isa = PBXBuildFile; fileRef = B5A3BD391B42CDDE0007E604 /* PinYinForObjc.m */; };
		B5A3BD591B42CDDE0007E604 /* PinyinHelper.m in Sources */ = {isa = PBXBuildFile; fileRef = B5A3BD3B1B42CDDE0007E604 /* PinyinHelper.m */; };
		B5A3BD5A1B42CDDE0007E604 /* unicode_to_hanyu_pinyin.txt in Resources */ = {isa = PBXBuildFile; fileRef = B5A3BD3C1B42CDDE0007E604 /* unicode_to_hanyu_pinyin.txt */; };
		B5A3BD5D1B42CE650007E604 /* ABAddressBook.m in Sources */ = {isa = PBXBuildFile; fileRef = B5A3BD5C1B42CE650007E604 /* ABAddressBook.m */; };
/* End PBXBuildFile section */

/* Begin PBXContainerItemProxy section */
		B59716011B32B6E8006DCCA9 /* PBXContainerItemProxy */ = {
			isa = PBXContainerItemProxy;
			containerPortal = B59715DF1B32B6E8006DCCA9 /* Project object */;
			proxyType = 1;
			remoteGlobalIDString = B59715E61B32B6E8006DCCA9;
			remoteInfo = Contacts;
		};
/* End PBXContainerItemProxy section */

/* Begin PBXFileReference section */
		B50357E51B3C2A070068C867 /* AddressBook.framework */ = {isa = PBXFileReference; lastKnownFileType = wrapper.framework; name = AddressBook.framework; path = System/Library/Frameworks/AddressBook.framework; sourceTree = SDKROOT; };
		B50357E71B3C2A0F0068C867 /* AddressBookUI.framework */ = {isa = PBXFileReference; lastKnownFileType = wrapper.framework; name = AddressBookUI.framework; path = System/Library/Frameworks/AddressBookUI.framework; sourceTree = SDKROOT; };
		B50357E91B3C2A230068C867 /* QuartzCore.framework */ = {isa = PBXFileReference; lastKnownFileType = wrapper.framework; name = QuartzCore.framework; path = System/Library/Frameworks/QuartzCore.framework; sourceTree = SDKROOT; };
		B503581F1B3CF9470068C867 /* note_bg.png */ = {isa = PBXFileReference; lastKnownFileType = image.png; path = note_bg.png; sourceTree = "<group>"; };
		B55AA7091B40EB70009E46A1 /* contacts1.json */ = {isa = PBXFileReference; fileEncoding = 4; lastKnownFileType = text.json; path = contacts1.json; sourceTree = "<group>"; };
		B56592661B33D6920088EEEE /* touxiang1.png */ = {isa = PBXFileReference; lastKnownFileType = image.png; path = touxiang1.png; sourceTree = "<group>"; };
		B56592721B3407830088EEEE /* recomends.json */ = {isa = PBXFileReference; fileEncoding = 4; lastKnownFileType = text.json; path = recomends.json; sourceTree = "<group>"; };
		B565927B1B340CFB0088EEEE /* touxiang2.png */ = {isa = PBXFileReference; lastKnownFileType = image.png; path = touxiang2.png; sourceTree = "<group>"; };
		B59715E71B32B6E8006DCCA9 /* Contacts.app */ = {isa = PBXFileReference; explicitFileType = wrapper.application; includeInIndex = 0; path = Contacts.app; sourceTree = BUILT_PRODUCTS_DIR; };
		B59715EB1B32B6E8006DCCA9 /* Info.plist */ = {isa = PBXFileReference; lastKnownFileType = text.plist.xml; path = Info.plist; sourceTree = "<group>"; };
		B59715EC1B32B6E8006DCCA9 /* main.m */ = {isa = PBXFileReference; lastKnownFileType = sourcecode.c.objc; path = main.m; sourceTree = "<group>"; };
		B59715EE1B32B6E8006DCCA9 /* AppDelegate.h */ = {isa = PBXFileReference; lastKnownFileType = sourcecode.c.h; path = AppDelegate.h; sourceTree = "<group>"; };
		B59715EF1B32B6E8006DCCA9 /* AppDelegate.m */ = {isa = PBXFileReference; lastKnownFileType = sourcecode.c.objc; path = AppDelegate.m; sourceTree = "<group>"; };
		B59715F51B32B6E8006DCCA9 /* Base */ = {isa = PBXFileReference; lastKnownFileType = file.storyboard; name = Base; path = Base.lproj/Main.storyboard; sourceTree = "<group>"; };
		B59715F71B32B6E8006DCCA9 /* Images.xcassets */ = {isa = PBXFileReference; lastKnownFileType = folder.assetcatalog; path = Images.xcassets; sourceTree = "<group>"; };
		B59715FA1B32B6E8006DCCA9 /* Base */ = {isa = PBXFileReference; lastKnownFileType = file.xib; name = Base; path = Base.lproj/LaunchScreen.xib; sourceTree = "<group>"; };
		B59716001B32B6E8006DCCA9 /* ContactsTests.xctest */ = {isa = PBXFileReference; explicitFileType = wrapper.cfbundle; includeInIndex = 0; path = ContactsTests.xctest; sourceTree = BUILT_PRODUCTS_DIR; };
		B59716051B32B6E8006DCCA9 /* Info.plist */ = {isa = PBXFileReference; lastKnownFileType = text.plist.xml; path = Info.plist; sourceTree = "<group>"; };
		B59716061B32B6E8006DCCA9 /* ContactsTests.m */ = {isa = PBXFileReference; lastKnownFileType = sourcecode.c.objc; path = ContactsTests.m; sourceTree = "<group>"; };
		B59716181B32BA50006DCCA9 /* Foundation.framework */ = {isa = PBXFileReference; lastKnownFileType = wrapper.framework; name = Foundation.framework; path = System/Library/Frameworks/Foundation.framework; sourceTree = SDKROOT; };
		B597161A1B32BA58006DCCA9 /* UIKit.framework */ = {isa = PBXFileReference; lastKnownFileType = wrapper.framework; name = UIKit.framework; path = System/Library/Frameworks/UIKit.framework; sourceTree = SDKROOT; };
		B597161C1B32BA68006DCCA9 /* CoreGraphics.framework */ = {isa = PBXFileReference; lastKnownFileType = wrapper.framework; name = CoreGraphics.framework; path = System/Library/Frameworks/CoreGraphics.framework; sourceTree = SDKROOT; };
		B597164E1B330B1B006DCCA9 /* ContactsPrefixHeader.pch */ = {isa = PBXFileReference; fileEncoding = 4; lastKnownFileType = sourcecode.c.h; path = ContactsPrefixHeader.pch; sourceTree = "<group>"; };
		B5A3BD031B42CDDE0007E604 /* AddressBookViewController.h */ = {isa = PBXFileReference; fileEncoding = 4; lastKnownFileType = sourcecode.c.h; path = AddressBookViewController.h; sourceTree = "<group>"; };
		B5A3BD041B42CDDE0007E604 /* AddressBookViewController.m */ = {isa = PBXFileReference; fileEncoding = 4; lastKnownFileType = sourcecode.c.objc; path = AddressBookViewController.m; sourceTree = "<group>"; };
		B5A3BD051B42CDDE0007E604 /* AddressBookViewController.xib */ = {isa = PBXFileReference; fileEncoding = 4; lastKnownFileType = file.xib; path = AddressBookViewController.xib; sourceTree = "<group>"; };
		B5A3BD071B42CDDE0007E604 /* NSString+TKUtilities.h */ = {isa = PBXFileReference; fileEncoding = 4; lastKnownFileType = sourcecode.c.h; path = "NSString+TKUtilities.h"; sourceTree = "<group>"; };
		B5A3BD081B42CDDE0007E604 /* NSString+TKUtilities.m */ = {isa = PBXFileReference; fileEncoding = 4; lastKnownFileType = sourcecode.c.objc; path = "NSString+TKUtilities.m"; sourceTree = "<group>"; };
		B5A3BD091B42CDDE0007E604 /* UIImage+TKUtilities.h */ = {isa = PBXFileReference; fileEncoding = 4; lastKnownFileType = sourcecode.c.h; path = "UIImage+TKUtilities.h"; sourceTree = "<group>"; };
		B5A3BD0A1B42CDDE0007E604 /* UIImage+TKUtilities.m */ = {isa = PBXFileReference; fileEncoding = 4; lastKnownFileType = sourcecode.c.objc; path = "UIImage+TKUtilities.m"; sourceTree = "<group>"; };
		B5A3BD0C1B42CDDE0007E604 /* AddContactsViewController.h */ = {isa = PBXFileReference; fileEncoding = 4; lastKnownFileType = sourcecode.c.h; path = AddContactsViewController.h; sourceTree = "<group>"; };
		B5A3BD0D1B42CDDE0007E604 /* AddContactsViewController.m */ = {isa = PBXFileReference; fileEncoding = 4; lastKnownFileType = sourcecode.c.objc; path = AddContactsViewController.m; sourceTree = "<group>"; };
		B5A3BD0E1B42CDDE0007E604 /* AddContactsViewController.xib */ = {isa = PBXFileReference; fileEncoding = 4; lastKnownFileType = file.xib; path = AddContactsViewController.xib; sourceTree = "<group>"; };
		B5A3BD0F1B42CDDE0007E604 /* RecomendsCell.h */ = {isa = PBXFileReference; fileEncoding = 4; lastKnownFileType = sourcecode.c.h; path = RecomendsCell.h; sourceTree = "<group>"; };
		B5A3BD101B42CDDE0007E604 /* RecomendsCell.m */ = {isa = PBXFileReference; fileEncoding = 4; lastKnownFileType = sourcecode.c.objc; path = RecomendsCell.m; sourceTree = "<group>"; };
		B5A3BD111B42CDDE0007E604 /* RecomendsCell.xib */ = {isa = PBXFileReference; fileEncoding = 4; lastKnownFileType = file.xib; path = RecomendsCell.xib; sourceTree = "<group>"; };
		B5A3BD131B42CDDE0007E604 /* ContactDetailCell.h */ = {isa = PBXFileReference; fileEncoding = 4; lastKnownFileType = sourcecode.c.h; path = ContactDetailCell.h; sourceTree = "<group>"; };
		B5A3BD141B42CDDE0007E604 /* ContactDetailCell.m */ = {isa = PBXFileReference; fileEncoding = 4; lastKnownFileType = sourcecode.c.objc; path = ContactDetailCell.m; sourceTree = "<group>"; };
		B5A3BD151B42CDDE0007E604 /* ContactDetailSection.h */ = {isa = PBXFileReference; fileEncoding = 4; lastKnownFileType = sourcecode.c.h; path = ContactDetailSection.h; sourceTree = "<group>"; };
		B5A3BD161B42CDDE0007E604 /* ContactDetailSection.m */ = {isa = PBXFileReference; fileEncoding = 4; lastKnownFileType = sourcecode.c.objc; path = ContactDetailSection.m; sourceTree = "<group>"; };
		B5A3BD171B42CDDE0007E604 /* ContactDetailTableViewController.h */ = {isa = PBXFileReference; fileEncoding = 4; lastKnownFileType = sourcecode.c.h; path = ContactDetailTableViewController.h; sourceTree = "<group>"; };
		B5A3BD181B42CDDE0007E604 /* ContactDetailTableViewController.m */ = {isa = PBXFileReference; fileEncoding = 4; lastKnownFileType = sourcecode.c.objc; path = ContactDetailTableViewController.m; sourceTree = "<group>"; };
		B5A3BD191B42CDDE0007E604 /* ContactDetailViewController.h */ = {isa = PBXFileReference; fileEncoding = 4; lastKnownFileType = sourcecode.c.h; path = ContactDetailViewController.h; sourceTree = "<group>"; };
		B5A3BD1A1B42CDDE0007E604 /* ContactDetailViewController.m */ = {isa = PBXFileReference; fileEncoding = 4; lastKnownFileType = sourcecode.c.objc; path = ContactDetailViewController.m; sourceTree = "<group>"; };
		B5A3BD1B1B42CDDE0007E604 /* ContactHeadCell.h */ = {isa = PBXFileReference; fileEncoding = 4; lastKnownFileType = sourcecode.c.h; path = ContactHeadCell.h; sourceTree = "<group>"; };
		B5A3BD1C1B42CDDE0007E604 /* ContactHeadCell.m */ = {isa = PBXFileReference; fileEncoding = 4; lastKnownFileType = sourcecode.c.objc; path = ContactHeadCell.m; sourceTree = "<group>"; };
		B5A3BD1D1B42CDDE0007E604 /* ContactPersonInfoCell.h */ = {isa = PBXFileReference; fileEncoding = 4; lastKnownFileType = sourcecode.c.h; path = ContactPersonInfoCell.h; sourceTree = "<group>"; };
		B5A3BD1E1B42CDDE0007E604 /* ContactPersonInfoCell.m */ = {isa = PBXFileReference; fileEncoding = 4; lastKnownFileType = sourcecode.c.objc; path = ContactPersonInfoCell.m; sourceTree = "<group>"; };
		B5A3BD1F1B42CDDE0007E604 /* ContactSchoolInfoCell.h */ = {isa = PBXFileReference; fileEncoding = 4; lastKnownFileType = sourcecode.c.h; path = ContactSchoolInfoCell.h; sourceTree = "<group>"; };
		B5A3BD201B42CDDE0007E604 /* ContactSchoolInfoCell.m */ = {isa = PBXFileReference; fileEncoding = 4; lastKnownFileType = sourcecode.c.objc; path = ContactSchoolInfoCell.m; sourceTree = "<group>"; };
		B5A3BD221B42CDDE0007E604 /* ContactCell.h */ = {isa = PBXFileReference; fileEncoding = 4; lastKnownFileType = sourcecode.c.h; path = ContactCell.h; sourceTree = "<group>"; };
		B5A3BD231B42CDDE0007E604 /* ContactCell.m */ = {isa = PBXFileReference; fileEncoding = 4; lastKnownFileType = sourcecode.c.objc; path = ContactCell.m; sourceTree = "<group>"; };
		B5A3BD241B42CDDE0007E604 /* ContactCell.xib */ = {isa = PBXFileReference; fileEncoding = 4; lastKnownFileType = file.xib; path = ContactCell.xib; sourceTree = "<group>"; };
		B5A3BD251B42CDDE0007E604 /* Contacts.h */ = {isa = PBXFileReference; fileEncoding = 4; lastKnownFileType = sourcecode.c.h; path = Contacts.h; sourceTree = "<group>"; };
		B5A3BD261B42CDDE0007E604 /* Contacts.m */ = {isa = PBXFileReference; fileEncoding = 4; lastKnownFileType = sourcecode.c.objc; path = Contacts.m; sourceTree = "<group>"; };
		B5A3BD271B42CDDE0007E604 /* ContactsTableView.h */ = {isa = PBXFileReference; fileEncoding = 4; lastKnownFileType = sourcecode.c.h; path = ContactsTableView.h; sourceTree = "<group>"; };
		B5A3BD281B42CDDE0007E604 /* ContactsTableView.m */ = {isa = PBXFileReference; fileEncoding = 4; lastKnownFileType = sourcecode.c.objc; path = ContactsTableView.m; sourceTree = "<group>"; };
		B5A3BD291B42CDDE0007E604 /* ContactsTableViewIndex.h */ = {isa = PBXFileReference; fileEncoding = 4; lastKnownFileType = sourcecode.c.h; path = ContactsTableViewIndex.h; sourceTree = "<group>"; };
		B5A3BD2A1B42CDDE0007E604 /* ContactsTableViewIndex.m */ = {isa = PBXFileReference; fileEncoding = 4; lastKnownFileType = sourcecode.c.objc; path = ContactsTableViewIndex.m; sourceTree = "<group>"; };
		B5A3BD2B1B42CDDE0007E604 /* ViewController.h */ = {isa = PBXFileReference; fileEncoding = 4; lastKnownFileType = sourcecode.c.h; path = ViewController.h; sourceTree = "<group>"; };
		B5A3BD2C1B42CDDE0007E604 /* ViewController.m */ = {isa = PBXFileReference; fileEncoding = 4; lastKnownFileType = sourcecode.c.objc; path = ViewController.m; sourceTree = "<group>"; };
		B5A3BD2E1B42CDDE0007E604 /* ChineseInclude.h */ = {isa = PBXFileReference; fileEncoding = 4; lastKnownFileType = sourcecode.c.h; path = ChineseInclude.h; sourceTree = "<group>"; };
		B5A3BD2F1B42CDDE0007E604 /* ChineseInclude.m */ = {isa = PBXFileReference; fileEncoding = 4; lastKnownFileType = sourcecode.c.objc; path = ChineseInclude.m; sourceTree = "<group>"; };
		B5A3BD301B42CDDE0007E604 /* ChineseToPinyinResource.h */ = {isa = PBXFileReference; fileEncoding = 4; lastKnownFileType = sourcecode.c.h; path = ChineseToPinyinResource.h; sourceTree = "<group>"; };
		B5A3BD311B42CDDE0007E604 /* ChineseToPinyinResource.m */ = {isa = PBXFileReference; fileEncoding = 4; lastKnownFileType = sourcecode.c.objc; path = ChineseToPinyinResource.m; sourceTree = "<group>"; };
		B5A3BD321B42CDDE0007E604 /* HanyuPinyinOutputFormat.h */ = {isa = PBXFileReference; fileEncoding = 4; lastKnownFileType = sourcecode.c.h; path = HanyuPinyinOutputFormat.h; sourceTree = "<group>"; };
		B5A3BD331B42CDDE0007E604 /* HanyuPinyinOutputFormat.m */ = {isa = PBXFileReference; fileEncoding = 4; lastKnownFileType = sourcecode.c.objc; path = HanyuPinyinOutputFormat.m; sourceTree = "<group>"; };
		B5A3BD341B42CDDE0007E604 /* NSString+PinYin4Cocoa.h */ = {isa = PBXFileReference; fileEncoding = 4; lastKnownFileType = sourcecode.c.h; path = "NSString+PinYin4Cocoa.h"; sourceTree = "<group>"; };
		B5A3BD351B42CDDE0007E604 /* NSString+PinYin4Cocoa.m */ = {isa = PBXFileReference; fileEncoding = 4; lastKnownFileType = sourcecode.c.objc; path = "NSString+PinYin4Cocoa.m"; sourceTree = "<group>"; };
		B5A3BD361B42CDDE0007E604 /* PinyinFormatter.h */ = {isa = PBXFileReference; fileEncoding = 4; lastKnownFileType = sourcecode.c.h; path = PinyinFormatter.h; sourceTree = "<group>"; };
		B5A3BD371B42CDDE0007E604 /* PinyinFormatter.m */ = {isa = PBXFileReference; fileEncoding = 4; lastKnownFileType = sourcecode.c.objc; path = PinyinFormatter.m; sourceTree = "<group>"; };
		B5A3BD381B42CDDE0007E604 /* PinYinForObjc.h */ = {isa = PBXFileReference; fileEncoding = 4; lastKnownFileType = sourcecode.c.h; path = PinYinForObjc.h; sourceTree = "<group>"; };
		B5A3BD391B42CDDE0007E604 /* PinYinForObjc.m */ = {isa = PBXFileReference; fileEncoding = 4; lastKnownFileType = sourcecode.c.objc; path = PinYinForObjc.m; sourceTree = "<group>"; };
		B5A3BD3A1B42CDDE0007E604 /* PinyinHelper.h */ = {isa = PBXFileReference; fileEncoding = 4; lastKnownFileType = sourcecode.c.h; path = PinyinHelper.h; sourceTree = "<group>"; };
		B5A3BD3B1B42CDDE0007E604 /* PinyinHelper.m */ = {isa = PBXFileReference; fileEncoding = 4; lastKnownFileType = sourcecode.c.objc; path = PinyinHelper.m; sourceTree = "<group>"; };
		B5A3BD3C1B42CDDE0007E604 /* unicode_to_hanyu_pinyin.txt */ = {isa = PBXFileReference; fileEncoding = 4; lastKnownFileType = text; path = unicode_to_hanyu_pinyin.txt; sourceTree = "<group>"; };
		B5A3BD5B1B42CE650007E604 /* ABAddressBook.h */ = {isa = PBXFileReference; fileEncoding = 4; lastKnownFileType = sourcecode.c.h; path = ABAddressBook.h; sourceTree = "<group>"; };
		B5A3BD5C1B42CE650007E604 /* ABAddressBook.m */ = {isa = PBXFileReference; fileEncoding = 4; lastKnownFileType = sourcecode.c.objc; path = ABAddressBook.m; sourceTree = "<group>"; };
/* End PBXFileReference section */

/* Begin PBXFrameworksBuildPhase section */
		B59715E41B32B6E8006DCCA9 /* Frameworks */ = {
			isa = PBXFrameworksBuildPhase;
			buildActionMask = 2147483647;
			files = (
				B50357EA1B3C2A230068C867 /* QuartzCore.framework in Frameworks */,
				B50357E81B3C2A0F0068C867 /* AddressBookUI.framework in Frameworks */,
				B50357E61B3C2A070068C867 /* AddressBook.framework in Frameworks */,
				B597161D1B32BA68006DCCA9 /* CoreGraphics.framework in Frameworks */,
				B597161B1B32BA58006DCCA9 /* UIKit.framework in Frameworks */,
				B59716191B32BA50006DCCA9 /* Foundation.framework in Frameworks */,
			);
			runOnlyForDeploymentPostprocessing = 0;
		};
		B59715FD1B32B6E8006DCCA9 /* Frameworks */ = {
			isa = PBXFrameworksBuildPhase;
			buildActionMask = 2147483647;
			files = (
			);
			runOnlyForDeploymentPostprocessing = 0;
		};
/* End PBXFrameworksBuildPhase section */

/* Begin PBXGroup section */
		B56592641B33D6920088EEEE /* Resources */ = {
			isa = PBXGroup;
			children = (
				B55AA7091B40EB70009E46A1 /* contacts1.json */,
				B56592721B3407830088EEEE /* recomends.json */,
				B56592661B33D6920088EEEE /* touxiang1.png */,
				B565927B1B340CFB0088EEEE /* touxiang2.png */,
				B503581F1B3CF9470068C867 /* note_bg.png */,
			);
			path = Resources;
			sourceTree = "<group>";
		};
		B59715DE1B32B6E8006DCCA9 = {
			isa = PBXGroup;
			children = (
				B59715E91B32B6E8006DCCA9 /* Contacts */,
				B59716171B32BA14006DCCA9 /* Frameworks */,
				B59716031B32B6E8006DCCA9 /* ContactsTests */,
				B59715E81B32B6E8006DCCA9 /* Products */,
			);
			sourceTree = "<group>";
		};
		B59715E81B32B6E8006DCCA9 /* Products */ = {
			isa = PBXGroup;
			children = (
				B59715E71B32B6E8006DCCA9 /* Contacts.app */,
				B59716001B32B6E8006DCCA9 /* ContactsTests.xctest */,
			);
			name = Products;
			sourceTree = "<group>";
		};
		B59715E91B32B6E8006DCCA9 /* Contacts */ = {
			isa = PBXGroup;
			children = (
				B59715EE1B32B6E8006DCCA9 /* AppDelegate.h */,
				B59715EF1B32B6E8006DCCA9 /* AppDelegate.m */,
				B59715F41B32B6E8006DCCA9 /* Main.storyboard */,
				B59715F91B32B6E8006DCCA9 /* LaunchScreen.xib */,
				B5A3BCFF1B42CDDE0007E604 /* Classes */,
				B59715F71B32B6E8006DCCA9 /* Images.xcassets */,
				B59715EA1B32B6E8006DCCA9 /* Supporting Files */,
			);
			path = Contacts;
			sourceTree = "<group>";
		};
		B59715EA1B32B6E8006DCCA9 /* Supporting Files */ = {
			isa = PBXGroup;
			children = (
				B56592641B33D6920088EEEE /* Resources */,
				B59715EB1B32B6E8006DCCA9 /* Info.plist */,
				B59715EC1B32B6E8006DCCA9 /* main.m */,
			);
			name = "Supporting Files";
			sourceTree = "<group>";
		};
		B59716031B32B6E8006DCCA9 /* ContactsTests */ = {
			isa = PBXGroup;
			children = (
				B59716061B32B6E8006DCCA9 /* ContactsTests.m */,
				B597164E1B330B1B006DCCA9 /* ContactsPrefixHeader.pch */,
				B59716041B32B6E8006DCCA9 /* Supporting Files */,
			);
			path = ContactsTests;
			sourceTree = "<group>";
		};
		B59716041B32B6E8006DCCA9 /* Supporting Files */ = {
			isa = PBXGroup;
			children = (
				B59716051B32B6E8006DCCA9 /* Info.plist */,
			);
			name = "Supporting Files";
			sourceTree = "<group>";
		};
		B59716171B32BA14006DCCA9 /* Frameworks */ = {
			isa = PBXGroup;
			children = (
				B50357E91B3C2A230068C867 /* QuartzCore.framework */,
				B50357E71B3C2A0F0068C867 /* AddressBookUI.framework */,
				B50357E51B3C2A070068C867 /* AddressBook.framework */,
				B597161C1B32BA68006DCCA9 /* CoreGraphics.framework */,
				B597161A1B32BA58006DCCA9 /* UIKit.framework */,
				B59716181B32BA50006DCCA9 /* Foundation.framework */,
			);
			name = Frameworks;
			sourceTree = "<group>";
		};
		B5A3BCFF1B42CDDE0007E604 /* Classes */ = {
			isa = PBXGroup;
			children = (
				B5A3BD2D1B42CDDE0007E604 /* PinYin */,
				B5A3BD001B42CDDE0007E604 /* ABContacts */,
				B5A3BD211B42CDDE0007E604 /* ContactsView */,
				B5A3BD0B1B42CDDE0007E604 /* AddContact */,
				B5A3BD121B42CDDE0007E604 /* ContactDetail */,
			);
			path = Classes;
			sourceTree = "<group>";
		};
		B5A3BD001B42CDDE0007E604 /* ABContacts */ = {
			isa = PBXGroup;
			children = (
				B5A3BD061B42CDDE0007E604 /* Base */,
				B5A3BD031B42CDDE0007E604 /* AddressBookViewController.h */,
				B5A3BD041B42CDDE0007E604 /* AddressBookViewController.m */,
				B5A3BD051B42CDDE0007E604 /* AddressBookViewController.xib */,
				B5A3BD5B1B42CE650007E604 /* ABAddressBook.h */,
				B5A3BD5C1B42CE650007E604 /* ABAddressBook.m */,
			);
			path = ABContacts;
			sourceTree = "<group>";
		};
		B5A3BD061B42CDDE0007E604 /* Base */ = {
			isa = PBXGroup;
			children = (
				B5A3BD071B42CDDE0007E604 /* NSString+TKUtilities.h */,
				B5A3BD081B42CDDE0007E604 /* NSString+TKUtilities.m */,
				B5A3BD091B42CDDE0007E604 /* UIImage+TKUtilities.h */,
				B5A3BD0A1B42CDDE0007E604 /* UIImage+TKUtilities.m */,
			);
			path = Base;
			sourceTree = "<group>";
		};
		B5A3BD0B1B42CDDE0007E604 /* AddContact */ = {
			isa = PBXGroup;
			children = (
				B5A3BD0C1B42CDDE0007E604 /* AddContactsViewController.h */,
				B5A3BD0D1B42CDDE0007E604 /* AddContactsViewController.m */,
				B5A3BD0E1B42CDDE0007E604 /* AddContactsViewController.xib */,
				B5A3BD0F1B42CDDE0007E604 /* RecomendsCell.h */,
				B5A3BD101B42CDDE0007E604 /* RecomendsCell.m */,
				B5A3BD111B42CDDE0007E604 /* RecomendsCell.xib */,
			);
			path = AddContact;
			sourceTree = "<group>";
		};
		B5A3BD121B42CDDE0007E604 /* ContactDetail */ = {
			isa = PBXGroup;
			children = (
				B5A3BD131B42CDDE0007E604 /* ContactDetailCell.h */,
				B5A3BD141B42CDDE0007E604 /* ContactDetailCell.m */,
				B5A3BD151B42CDDE0007E604 /* ContactDetailSection.h */,
				B5A3BD161B42CDDE0007E604 /* ContactDetailSection.m */,
				B5A3BD171B42CDDE0007E604 /* ContactDetailTableViewController.h */,
				B5A3BD181B42CDDE0007E604 /* ContactDetailTableViewController.m */,
				B5A3BD191B42CDDE0007E604 /* ContactDetailViewController.h */,
				B5A3BD1A1B42CDDE0007E604 /* ContactDetailViewController.m */,
				B5A3BD1B1B42CDDE0007E604 /* ContactHeadCell.h */,
				B5A3BD1C1B42CDDE0007E604 /* ContactHeadCell.m */,
				B5A3BD1D1B42CDDE0007E604 /* ContactPersonInfoCell.h */,
				B5A3BD1E1B42CDDE0007E604 /* ContactPersonInfoCell.m */,
				B5A3BD1F1B42CDDE0007E604 /* ContactSchoolInfoCell.h */,
				B5A3BD201B42CDDE0007E604 /* ContactSchoolInfoCell.m */,
			);
			path = ContactDetail;
			sourceTree = "<group>";
		};
		B5A3BD211B42CDDE0007E604 /* ContactsView */ = {
			isa = PBXGroup;
			children = (
				B5A3BD221B42CDDE0007E604 /* ContactCell.h */,
				B5A3BD231B42CDDE0007E604 /* ContactCell.m */,
				B5A3BD241B42CDDE0007E604 /* ContactCell.xib */,
				B5A3BD251B42CDDE0007E604 /* Contacts.h */,
				B5A3BD261B42CDDE0007E604 /* Contacts.m */,
				B5A3BD271B42CDDE0007E604 /* ContactsTableView.h */,
				B5A3BD281B42CDDE0007E604 /* ContactsTableView.m */,
				B5A3BD291B42CDDE0007E604 /* ContactsTableViewIndex.h */,
				B5A3BD2A1B42CDDE0007E604 /* ContactsTableViewIndex.m */,
				B5A3BD2B1B42CDDE0007E604 /* ViewController.h */,
				B5A3BD2C1B42CDDE0007E604 /* ViewController.m */,
			);
			path = ContactsView;
			sourceTree = "<group>";
		};
		B5A3BD2D1B42CDDE0007E604 /* PinYin */ = {
			isa = PBXGroup;
			children = (
				B5A3BD2E1B42CDDE0007E604 /* ChineseInclude.h */,
				B5A3BD2F1B42CDDE0007E604 /* ChineseInclude.m */,
				B5A3BD301B42CDDE0007E604 /* ChineseToPinyinResource.h */,
				B5A3BD311B42CDDE0007E604 /* ChineseToPinyinResource.m */,
				B5A3BD321B42CDDE0007E604 /* HanyuPinyinOutputFormat.h */,
				B5A3BD331B42CDDE0007E604 /* HanyuPinyinOutputFormat.m */,
				B5A3BD341B42CDDE0007E604 /* NSString+PinYin4Cocoa.h */,
				B5A3BD351B42CDDE0007E604 /* NSString+PinYin4Cocoa.m */,
				B5A3BD361B42CDDE0007E604 /* PinyinFormatter.h */,
				B5A3BD371B42CDDE0007E604 /* PinyinFormatter.m */,
				B5A3BD381B42CDDE0007E604 /* PinYinForObjc.h */,
				B5A3BD391B42CDDE0007E604 /* PinYinForObjc.m */,
				B5A3BD3A1B42CDDE0007E604 /* PinyinHelper.h */,
				B5A3BD3B1B42CDDE0007E604 /* PinyinHelper.m */,
				B5A3BD3C1B42CDDE0007E604 /* unicode_to_hanyu_pinyin.txt */,
			);
			path = PinYin;
			sourceTree = "<group>";
		};
/* End PBXGroup section */

/* Begin PBXNativeTarget section */
		B59715E61B32B6E8006DCCA9 /* Contacts */ = {
			isa = PBXNativeTarget;
			buildConfigurationList = B597160A1B32B6E8006DCCA9 /* Build configuration list for PBXNativeTarget "Contacts" */;
			buildPhases = (
				B59715E31B32B6E8006DCCA9 /* Sources */,
				B59715E41B32B6E8006DCCA9 /* Frameworks */,
				B59715E51B32B6E8006DCCA9 /* Resources */,
			);
			buildRules = (
			);
			dependencies = (
			);
			name = Contacts;
			productName = Contacts;
			productReference = B59715E71B32B6E8006DCCA9 /* Contacts.app */;
			productType = "com.apple.product-type.application";
		};
		B59715FF1B32B6E8006DCCA9 /* ContactsTests */ = {
			isa = PBXNativeTarget;
			buildConfigurationList = B597160D1B32B6E8006DCCA9 /* Build configuration list for PBXNativeTarget "ContactsTests" */;
			buildPhases = (
				B59715FC1B32B6E8006DCCA9 /* Sources */,
				B59715FD1B32B6E8006DCCA9 /* Frameworks */,
				B59715FE1B32B6E8006DCCA9 /* Resources */,
			);
			buildRules = (
			);
			dependencies = (
				B59716021B32B6E8006DCCA9 /* PBXTargetDependency */,
			);
			name = ContactsTests;
			productName = ContactsTests;
			productReference = B59716001B32B6E8006DCCA9 /* ContactsTests.xctest */;
			productType = "com.apple.product-type.bundle.unit-test";
		};
/* End PBXNativeTarget section */

/* Begin PBXProject section */
		B59715DF1B32B6E8006DCCA9 /* Project object */ = {
			isa = PBXProject;
			attributes = {
				LastUpgradeCheck = 0630;
				ORGANIZATIONNAME = Emma;
				TargetAttributes = {
					B59715E61B32B6E8006DCCA9 = {
						CreatedOnToolsVersion = 6.3;
					};
					B59715FF1B32B6E8006DCCA9 = {
						CreatedOnToolsVersion = 6.3;
						TestTargetID = B59715E61B32B6E8006DCCA9;
					};
				};
			};
			buildConfigurationList = B59715E21B32B6E8006DCCA9 /* Build configuration list for PBXProject "Contacts" */;
			compatibilityVersion = "Xcode 3.2";
			developmentRegion = English;
			hasScannedForEncodings = 0;
			knownRegions = (
				en,
				Base,
			);
			mainGroup = B59715DE1B32B6E8006DCCA9;
			productRefGroup = B59715E81B32B6E8006DCCA9 /* Products */;
			projectDirPath = "";
			projectRoot = "";
			targets = (
				B59715E61B32B6E8006DCCA9 /* Contacts */,
				B59715FF1B32B6E8006DCCA9 /* ContactsTests */,
			);
		};
/* End PBXProject section */

/* Begin PBXResourcesBuildPhase section */
		B59715E51B32B6E8006DCCA9 /* Resources */ = {
			isa = PBXResourcesBuildPhase;
			buildActionMask = 2147483647;
			files = (
				B5A3BD3F1B42CDDE0007E604 /* AddressBookViewController.xib in Resources */,
				B50358201B3CF9470068C867 /* note_bg.png in Resources */,
				B5A3BD451B42CDDE0007E604 /* RecomendsCell.xib in Resources */,
				B55AA70A1B40EB70009E46A1 /* contacts1.json in Resources */,
				B5A3BD431B42CDDE0007E604 /* AddContactsViewController.xib in Resources */,
				B56592731B3407830088EEEE /* recomends.json in Resources */,
				B565927C1B340CFB0088EEEE /* touxiang2.png in Resources */,
				B59715F61B32B6E8006DCCA9 /* Main.storyboard in Resources */,
				B5A3BD5A1B42CDDE0007E604 /* unicode_to_hanyu_pinyin.txt in Resources */,
				B5A3BD4E1B42CDDE0007E604 /* ContactCell.xib in Resources */,
				B59715FB1B32B6E8006DCCA9 /* LaunchScreen.xib in Resources */,
				B56592681B33D6920088EEEE /* touxiang1.png in Resources */,
				B59715F81B32B6E8006DCCA9 /* Images.xcassets in Resources */,
			);
			runOnlyForDeploymentPostprocessing = 0;
		};
		B59715FE1B32B6E8006DCCA9 /* Resources */ = {
			isa = PBXResourcesBuildPhase;
			buildActionMask = 2147483647;
			files = (
			);
			runOnlyForDeploymentPostprocessing = 0;
		};
/* End PBXResourcesBuildPhase section */

/* Begin PBXSourcesBuildPhase section */
		B59715E31B32B6E8006DCCA9 /* Sources */ = {
			isa = PBXSourcesBuildPhase;
			buildActionMask = 2147483647;
			files = (
				B5A3BD591B42CDDE0007E604 /* PinyinHelper.m in Sources */,
				B5A3BD581B42CDDE0007E604 /* PinYinForObjc.m in Sources */,
				B59715F01B32B6E8006DCCA9 /* AppDelegate.m in Sources */,
				B5A3BD441B42CDDE0007E604 /* RecomendsCell.m in Sources */,
				B5A3BD511B42CDDE0007E604 /* ContactsTableViewIndex.m in Sources */,
				B5A3BD4A1B42CDDE0007E604 /* ContactHeadCell.m in Sources */,
				B5A3BD571B42CDDE0007E604 /* PinyinFormatter.m in Sources */,
				B5A3BD4D1B42CDDE0007E604 /* ContactCell.m in Sources */,
				B5A3BD531B42CDDE0007E604 /* ChineseInclude.m in Sources */,
				B5A3BD541B42CDDE0007E604 /* ChineseToPinyinResource.m in Sources */,
				B5A3BD471B42CDDE0007E604 /* ContactDetailSection.m in Sources */,
				B5A3BD3E1B42CDDE0007E604 /* AddressBookViewController.m in Sources */,
				B5A3BD401B42CDDE0007E604 /* NSString+TKUtilities.m in Sources */,
				B5A3BD491B42CDDE0007E604 /* ContactDetailViewController.m in Sources */,
				B5A3BD421B42CDDE0007E604 /* AddContactsViewController.m in Sources */,
				B59715ED1B32B6E8006DCCA9 /* main.m in Sources */,
				B5A3BD5D1B42CE650007E604 /* ABAddressBook.m in Sources */,
				B5A3BD481B42CDDE0007E604 /* ContactDetailTableViewController.m in Sources */,
				B5A3BD551B42CDDE0007E604 /* HanyuPinyinOutputFormat.m in Sources */,
				B5A3BD4F1B42CDDE0007E604 /* Contacts.m in Sources */,
				B5A3BD521B42CDDE0007E604 /* ViewController.m in Sources */,
				B5A3BD4C1B42CDDE0007E604 /* ContactSchoolInfoCell.m in Sources */,
				B5A3BD501B42CDDE0007E604 /* ContactsTableView.m in Sources */,
				B5A3BD4B1B42CDDE0007E604 /* ContactPersonInfoCell.m in Sources */,
				B5A3BD561B42CDDE0007E604 /* NSString+PinYin4Cocoa.m in Sources */,
				B5A3BD461B42CDDE0007E604 /* ContactDetailCell.m in Sources */,
				B5A3BD411B42CDDE0007E604 /* UIImage+TKUtilities.m in Sources */,
			);
			runOnlyForDeploymentPostprocessing = 0;
		};
		B59715FC1B32B6E8006DCCA9 /* Sources */ = {
			isa = PBXSourcesBuildPhase;
			buildActionMask = 2147483647;
			files = (
				B59716071B32B6E8006DCCA9 /* ContactsTests.m in Sources */,
			);
			runOnlyForDeploymentPostprocessing = 0;
		};
/* End PBXSourcesBuildPhase section */

/* Begin PBXTargetDependency section */
		B59716021B32B6E8006DCCA9 /* PBXTargetDependency */ = {
			isa = PBXTargetDependency;
			target = B59715E61B32B6E8006DCCA9 /* Contacts */;
			targetProxy = B59716011B32B6E8006DCCA9 /* PBXContainerItemProxy */;
		};
/* End PBXTargetDependency section */

/* Begin PBXVariantGroup section */
		B59715F41B32B6E8006DCCA9 /* Main.storyboard */ = {
			isa = PBXVariantGroup;
			children = (
				B59715F51B32B6E8006DCCA9 /* Base */,
			);
			name = Main.storyboard;
			sourceTree = "<group>";
		};
		B59715F91B32B6E8006DCCA9 /* LaunchScreen.xib */ = {
			isa = PBXVariantGroup;
			children = (
				B59715FA1B32B6E8006DCCA9 /* Base */,
			);
			name = LaunchScreen.xib;
			sourceTree = "<group>";
		};
/* End PBXVariantGroup section */

/* Begin XCBuildConfiguration section */
		B59716081B32B6E8006DCCA9 /* Debug */ = {
			isa = XCBuildConfiguration;
			buildSettings = {
				ALWAYS_SEARCH_USER_PATHS = NO;
				CLANG_CXX_LANGUAGE_STANDARD = "gnu++0x";
				CLANG_CXX_LIBRARY = "libc++";
				CLANG_ENABLE_MODULES = YES;
				CLANG_ENABLE_OBJC_ARC = YES;
				CLANG_WARN_BOOL_CONVERSION = YES;
				CLANG_WARN_CONSTANT_CONVERSION = YES;
				CLANG_WARN_DIRECT_OBJC_ISA_USAGE = YES_ERROR;
				CLANG_WARN_EMPTY_BODY = YES;
				CLANG_WARN_ENUM_CONVERSION = YES;
				CLANG_WARN_INT_CONVERSION = YES;
				CLANG_WARN_OBJC_ROOT_CLASS = YES_ERROR;
				CLANG_WARN_UNREACHABLE_CODE = YES;
				CLANG_WARN__DUPLICATE_METHOD_MATCH = YES;
				"CODE_SIGN_IDENTITY[sdk=iphoneos*]" = "iPhone Developer";
				COPY_PHASE_STRIP = NO;
				DEBUG_INFORMATION_FORMAT = "dwarf-with-dsym";
				ENABLE_STRICT_OBJC_MSGSEND = YES;
				GCC_C_LANGUAGE_STANDARD = gnu99;
				GCC_DYNAMIC_NO_PIC = NO;
				GCC_NO_COMMON_BLOCKS = YES;
				GCC_OPTIMIZATION_LEVEL = 0;
				GCC_PREPROCESSOR_DEFINITIONS = (
					"DEBUG=1",
					"$(inherited)",
				);
				GCC_SYMBOLS_PRIVATE_EXTERN = NO;
				GCC_WARN_64_TO_32_BIT_CONVERSION = YES;
				GCC_WARN_ABOUT_RETURN_TYPE = YES_ERROR;
				GCC_WARN_UNDECLARED_SELECTOR = YES;
				GCC_WARN_UNINITIALIZED_AUTOS = YES_AGGRESSIVE;
				GCC_WARN_UNUSED_FUNCTION = YES;
				GCC_WARN_UNUSED_VARIABLE = YES;
				IPHONEOS_DEPLOYMENT_TARGET = 8.3;
				MTL_ENABLE_DEBUG_INFO = YES;
				ONLY_ACTIVE_ARCH = YES;
				SDKROOT = iphoneos;
			};
			name = Debug;
		};
		B59716091B32B6E8006DCCA9 /* Release */ = {
			isa = XCBuildConfiguration;
			buildSettings = {
				ALWAYS_SEARCH_USER_PATHS = NO;
				CLANG_CXX_LANGUAGE_STANDARD = "gnu++0x";
				CLANG_CXX_LIBRARY = "libc++";
				CLANG_ENABLE_MODULES = YES;
				CLANG_ENABLE_OBJC_ARC = YES;
				CLANG_WARN_BOOL_CONVERSION = YES;
				CLANG_WARN_CONSTANT_CONVERSION = YES;
				CLANG_WARN_DIRECT_OBJC_ISA_USAGE = YES_ERROR;
				CLANG_WARN_EMPTY_BODY = YES;
				CLANG_WARN_ENUM_CONVERSION = YES;
				CLANG_WARN_INT_CONVERSION = YES;
				CLANG_WARN_OBJC_ROOT_CLASS = YES_ERROR;
				CLANG_WARN_UNREACHABLE_CODE = YES;
				CLANG_WARN__DUPLICATE_METHOD_MATCH = YES;
				"CODE_SIGN_IDENTITY[sdk=iphoneos*]" = "iPhone Developer";
				COPY_PHASE_STRIP = NO;
				DEBUG_INFORMATION_FORMAT = "dwarf-with-dsym";
				ENABLE_NS_ASSERTIONS = NO;
				ENABLE_STRICT_OBJC_MSGSEND = YES;
				GCC_C_LANGUAGE_STANDARD = gnu99;
				GCC_NO_COMMON_BLOCKS = YES;
				GCC_WARN_64_TO_32_BIT_CONVERSION = YES;
				GCC_WARN_ABOUT_RETURN_TYPE = YES_ERROR;
				GCC_WARN_UNDECLARED_SELECTOR = YES;
				GCC_WARN_UNINITIALIZED_AUTOS = YES_AGGRESSIVE;
				GCC_WARN_UNUSED_FUNCTION = YES;
				GCC_WARN_UNUSED_VARIABLE = YES;
				IPHONEOS_DEPLOYMENT_TARGET = 8.3;
				MTL_ENABLE_DEBUG_INFO = NO;
				SDKROOT = iphoneos;
				VALIDATE_PRODUCT = YES;
			};
			name = Release;
		};
		B597160B1B32B6E8006DCCA9 /* Debug */ = {
			isa = XCBuildConfiguration;
			buildSettings = {
				ASSETCATALOG_COMPILER_APPICON_NAME = AppIcon;
				INFOPLIST_FILE = Contacts/Info.plist;
				LD_RUNPATH_SEARCH_PATHS = "$(inherited) @executable_path/Frameworks";
				PRODUCT_NAME = "$(TARGET_NAME)";
			};
			name = Debug;
		};
		B597160C1B32B6E8006DCCA9 /* Release */ = {
			isa = XCBuildConfiguration;
			buildSettings = {
				ASSETCATALOG_COMPILER_APPICON_NAME = AppIcon;
				INFOPLIST_FILE = Contacts/Info.plist;
				LD_RUNPATH_SEARCH_PATHS = "$(inherited) @executable_path/Frameworks";
				PRODUCT_NAME = "$(TARGET_NAME)";
			};
			name = Release;
		};
		B597160E1B32B6E8006DCCA9 /* Debug */ = {
			isa = XCBuildConfiguration;
			buildSettings = {
				BUNDLE_LOADER = "$(TEST_HOST)";
				FRAMEWORK_SEARCH_PATHS = (
					"$(SDKROOT)/Developer/Library/Frameworks",
					"$(inherited)",
				);
				GCC_PREPROCESSOR_DEFINITIONS = (
					"DEBUG=1",
					"$(inherited)",
				);
				INFOPLIST_FILE = ContactsTests/Info.plist;
				LD_RUNPATH_SEARCH_PATHS = "$(inherited) @executable_path/Frameworks @loader_path/Frameworks";
				PRODUCT_NAME = "$(TARGET_NAME)";
				TEST_HOST = "$(BUILT_PRODUCTS_DIR)/Contacts.app/Contacts";
			};
			name = Debug;
		};
		B597160F1B32B6E8006DCCA9 /* Release */ = {
			isa = XCBuildConfiguration;
			buildSettings = {
				BUNDLE_LOADER = "$(TEST_HOST)";
				FRAMEWORK_SEARCH_PATHS = (
					"$(SDKROOT)/Developer/Library/Frameworks",
					"$(inherited)",
				);
				INFOPLIST_FILE = ContactsTests/Info.plist;
				LD_RUNPATH_SEARCH_PATHS = "$(inherited) @executable_path/Frameworks @loader_path/Frameworks";
				PRODUCT_NAME = "$(TARGET_NAME)";
				TEST_HOST = "$(BUILT_PRODUCTS_DIR)/Contacts.app/Contacts";
			};
			name = Release;
		};
/* End XCBuildConfiguration section */

/* Begin XCConfigurationList section */
		B59715E21B32B6E8006DCCA9 /* Build configuration list for PBXProject "Contacts" */ = {
			isa = XCConfigurationList;
			buildConfigurations = (
				B59716081B32B6E8006DCCA9 /* Debug */,
				B59716091B32B6E8006DCCA9 /* Release */,
			);
			defaultConfigurationIsVisible = 0;
			defaultConfigurationName = Release;
		};
		B597160A1B32B6E8006DCCA9 /* Build configuration list for PBXNativeTarget "Contacts" */ = {
			isa = XCConfigurationList;
			buildConfigurations = (
				B597160B1B32B6E8006DCCA9 /* Debug */,
				B597160C1B32B6E8006DCCA9 /* Release */,
			);
			defaultConfigurationIsVisible = 0;
			defaultConfigurationName = Release;
		};
		B597160D1B32B6E8006DCCA9 /* Build configuration list for PBXNativeTarget "ContactsTests" */ = {
			isa = XCConfigurationList;
			buildConfigurations = (
				B597160E1B32B6E8006DCCA9 /* Debug */,
				B597160F1B32B6E8006DCCA9 /* Release */,
			);
			defaultConfigurationIsVisible = 0;
			defaultConfigurationName = Release;
		};
/* End XCConfigurationList section */
	};
	rootObject = B59715DF1B32B6E8006DCCA9 /* Project object */;
}
